
Microsoft Visual Studio Solution File, Format Version 12.00
# Visual Studio Version 17
VisualStudioVersion = 17.5.002.0
MinimumVisualStudioVersion = 10.0.40219.1
Project("{9A19103F-16F7-4668-BE54-9A1E7A4F7556}") = "Practika", "Practika\Practika.csproj", "{84B22663-F7A8-4952-BBBA-BB36F9C4D15C}"
EndProject
Project("{9A19103F-16F7-4668-BE54-9A1E7A4F7556}") = "Tumakov4", "Tumakov4\Tumakov4.csproj", "{704E8A93-0BCB-480C-8760-634625C83549}"
EndProject
Global
	GlobalSection(SolutionConfigurationPlatforms) = preSolution
		Debug|Any CPU = Debug|Any CPU
		Release|Any CPU = Release|Any CPU
	EndGlobalSection
	GlobalSection(ProjectConfigurationPlatforms) = postSolution
		{84B22663-F7A8-4952-BBBA-BB36F9C4D15C}.Debug|Any CPU.ActiveCfg = Debug|Any CPU
		{84B22663-F7A8-4952-BBBA-BB36F9C4D15C}.Debug|Any CPU.Build.0 = Debug|Any CPU
		{84B22663-F7A8-4952-BBBA-BB36F9C4D15C}.Release|Any CPU.ActiveCfg = Release|Any CPU
		{84B22663-F7A8-4952-BBBA-BB36F9C4D15C}.Release|Any CPU.Build.0 = Release|Any CPU
		{704E8A93-0BCB-480C-8760-634625C83549}.Debug|Any CPU.ActiveCfg = Debug|Any CPU
		{704E8A93-0BCB-480C-8760-634625C83549}.Debug|Any CPU.Build.0 = Debug|Any CPU
		{704E8A93-0BCB-480C-8760-634625C83549}.Release|Any CPU.ActiveCfg = Release|Any CPU
		{704E8A93-0BCB-480C-8760-634625C83549}.Release|Any CPU.Build.0 = Release|Any CPU
	EndGlobalSection
	GlobalSection(SolutionProperties) = preSolution
		HideSolutionNode = FALSE
	EndGlobalSection
	GlobalSection(ExtensibilityGlobals) = postSolution
		SolutionGuid = {6DBA783A-D3CD-4681-AB36-300DF1974137}
	EndGlobalSection
EndGlobal
